// !$*UTF8*$!
{
	archiveVersion = 1;
	classes = {
	};
	objectVersion = 46;
	objects = {

/* Begin PBXBuildFile section */
		DEA368DF1D86FE09003CD16B /* main.m in Sources */ = {isa = PBXBuildFile; fileRef = DEA368DE1D86FE09003CD16B /* main.m */; };
		DEA368E21D86FE09003CD16B /* AppDelegate.m in Sources */ = {isa = PBXBuildFile; fileRef = DEA368E11D86FE09003CD16B /* AppDelegate.m */; };
		DEA368E51D86FE09003CD16B /* ToDoListViewController.m in Sources */ = {isa = PBXBuildFile; fileRef = DEA368E41D86FE09003CD16B /* ToDoListViewController.m */; };
		DEA368E81D86FE09003CD16B /* Main.storyboard in Resources */ = {isa = PBXBuildFile; fileRef = DEA368E61D86FE09003CD16B /* Main.storyboard */; };
		DEA368EA1D86FE09003CD16B /* Assets.xcassets in Resources */ = {isa = PBXBuildFile; fileRef = DEA368E91D86FE09003CD16B /* Assets.xcassets */; };
		DEA368ED1D86FE09003CD16B /* LaunchScreen.storyboard in Resources */ = {isa = PBXBuildFile; fileRef = DEA368EB1D86FE09003CD16B /* LaunchScreen.storyboard */; };
		DEA368F71D871415003CD16B /* ToDoListItem.m in Sources */ = {isa = PBXBuildFile; fileRef = DEA368F61D871415003CD16B /* ToDoListItem.m */; };
		DEA368FA1D874143003CD16B /* ToDoListGenerator.m in Sources */ = {isa = PBXBuildFile; fileRef = DEA368F91D874143003CD16B /* ToDoListGenerator.m */; };
/* End PBXBuildFile section */

/* Begin PBXFileReference section */
		DEA368DA1D86FE09003CD16B /* ToDoListApp.app */ = {isa = PBXFileReference; explicitFileType = wrapper.application; includeInIndex = 0; path = ToDoListApp.app; sourceTree = BUILT_PRODUCTS_DIR; };
		DEA368DE1D86FE09003CD16B /* main.m */ = {isa = PBXFileReference; lastKnownFileType = sourcecode.c.objc; path = main.m; sourceTree = "<group>"; };
		DEA368E01D86FE09003CD16B /* AppDelegate.h */ = {isa = PBXFileReference; lastKnownFileType = sourcecode.c.h; path = AppDelegate.h; sourceTree = "<group>"; };
		DEA368E11D86FE09003CD16B /* AppDelegate.m */ = {isa = PBXFileReference; lastKnownFileType = sourcecode.c.objc; path = AppDelegate.m; sourceTree = "<group>"; };
		DEA368E31D86FE09003CD16B /* ToDoListViewController.h */ = {isa = PBXFileReference; lastKnownFileType = sourcecode.c.h; path = ToDoListViewController.h; sourceTree = "<group>"; };
		DEA368E41D86FE09003CD16B /* ToDoListViewController.m */ = {isa = PBXFileReference; lastKnownFileType = sourcecode.c.objc; path = ToDoListViewController.m; sourceTree = "<group>"; };
		DEA368E71D86FE09003CD16B /* Base */ = {isa = PBXFileReference; lastKnownFileType = file.storyboard; name = Base; path = Base.lproj/Main.storyboard; sourceTree = "<group>"; };
		DEA368E91D86FE09003CD16B /* Assets.xcassets */ = {isa = PBXFileReference; lastKnownFileType = folder.assetcatalog; path = Assets.xcassets; sourceTree = "<group>"; };
		DEA368EC1D86FE09003CD16B /* Base */ = {isa = PBXFileReference; lastKnownFileType = file.storyboard; name = Base; path = Base.lproj/LaunchScreen.storyboard; sourceTree = "<group>"; };
		DEA368EE1D86FE09003CD16B /* Info.plist */ = {isa = PBXFileReference; lastKnownFileType = text.plist.xml; path = Info.plist; sourceTree = "<group>"; };
		DEA368F51D871415003CD16B /* ToDoListItem.h */ = {isa = PBXFileReference; fileEncoding = 4; lastKnownFileType = sourcecode.c.h; path = ToDoListItem.h; sourceTree = "<group>"; };
		DEA368F61D871415003CD16B /* ToDoListItem.m */ = {isa = PBXFileReference; fileEncoding = 4; lastKnownFileType = sourcecode.c.objc; path = ToDoListItem.m; sourceTree = "<group>"; };
		DEA368F81D874143003CD16B /* ToDoListGenerator.h */ = {isa = PBXFileReference; fileEncoding = 4; lastKnownFileType = sourcecode.c.h; path = ToDoListGenerator.h; sourceTree = "<group>"; };
		DEA368F91D874143003CD16B /* ToDoListGenerator.m */ = {isa = PBXFileReference; fileEncoding = 4; lastKnownFileType = sourcecode.c.objc; path = ToDoListGenerator.m; sourceTree = "<group>"; };
/* End PBXFileReference section */

/* Begin PBXFrameworksBuildPhase section */
		DEA368D71D86FE09003CD16B /* Frameworks */ = {
			isa = PBXFrameworksBuildPhase;
			buildActionMask = 2147483647;
			files = (
			);
			runOnlyForDeploymentPostprocessing = 0;
		};
/* End PBXFrameworksBuildPhase section */

/* Begin PBXGroup section */
		DEA368D11D86FE09003CD16B = {
			isa = PBXGroup;
			children = (
				DEA368DC1D86FE09003CD16B /* ToDoListApp */,
				DEA368DB1D86FE09003CD16B /* Products */,
			);
			sourceTree = "<group>";
		};
		DEA368DB1D86FE09003CD16B /* Products */ = {
			isa = PBXGroup;
			children = (
				DEA368DA1D86FE09003CD16B /* ToDoListApp.app */,
			);
			name = Products;
			sourceTree = "<group>";
		};
		DEA368DC1D86FE09003CD16B /* ToDoListApp */ = {
			isa = PBXGroup;
			children = (
				DEA368E01D86FE09003CD16B /* AppDelegate.h */,
				DEA368E11D86FE09003CD16B /* AppDelegate.m */,
				DEA368E31D86FE09003CD16B /* ToDoListViewController.h */,
				DEA368E41D86FE09003CD16B /* ToDoListViewController.m */,
				DEA368F51D871415003CD16B /* ToDoListItem.h */,
				DEA368F61D871415003CD16B /* ToDoListItem.m */,
				DEA368F81D874143003CD16B /* ToDoListGenerator.h */,
				DEA368F91D874143003CD16B /* ToDoListGenerator.m */,
				DEA368E61D86FE09003CD16B /* Main.storyboard */,
				DEA368E91D86FE09003CD16B /* Assets.xcassets */,
				DEA368EB1D86FE09003CD16B /* LaunchScreen.storyboard */,
				DEA368EE1D86FE09003CD16B /* Info.plist */,
				DEA368DD1D86FE09003CD16B /* Supporting Files */,
			);
			path = ToDoListApp;
			sourceTree = "<group>";
		};
		DEA368DD1D86FE09003CD16B /* Supporting Files */ = {
			isa = PBXGroup;
			children = (
				DEA368DE1D86FE09003CD16B /* main.m */,
			);
			name = "Supporting Files";
			sourceTree = "<group>";
		};
/* End PBXGroup section */

/* Begin PBXNativeTarget section */
		DEA368D91D86FE09003CD16B /* ToDoListApp */ = {
			isa = PBXNativeTarget;
			buildConfigurationList = DEA368F11D86FE09003CD16B /* Build configuration list for PBXNativeTarget "ToDoListApp" */;
			buildPhases = (
				DEA368D61D86FE09003CD16B /* Sources */,
				DEA368D71D86FE09003CD16B /* Frameworks */,
				DEA368D81D86FE09003CD16B /* Resources */,
			);
			buildRules = (
			);
			dependencies = (
			);
			name = ToDoListApp;
			productName = ToDoListApp;
			productReference = DEA368DA1D86FE09003CD16B /* ToDoListApp.app */;
			productType = "com.apple.product-type.application";
		};
/* End PBXNativeTarget section */

/* Begin PBXProject section */
		DEA368D21D86FE09003CD16B /* Project object */ = {
			isa = PBXProject;
			attributes = {
				LastUpgradeCheck = 0720;
				ORGANIZATIONNAME = "Bernard Desert";
				TargetAttributes = {
					DEA368D91D86FE09003CD16B = {
						CreatedOnToolsVersion = 7.2.1;
					};
				};
			};
			buildConfigurationList = DEA368D51D86FE09003CD16B /* Build configuration list for PBXProject "ToDoListApp" */;
			compatibilityVersion = "Xcode 3.2";
			developmentRegion = English;
			hasScannedForEncodings = 0;
			knownRegions = (
				en,
				Base,
			);
			mainGroup = DEA368D11D86FE09003CD16B;
			productRefGroup = DEA368DB1D86FE09003CD16B /* Products */;
			projectDirPath = "";
			projectRoot = "";
			targets = (
				DEA368D91D86FE09003CD16B /* ToDoListApp */,
			);
		};
/* End PBXProject section */

/* Begin PBXResourcesBuildPhase section */
		DEA368D81D86FE09003CD16B /* Resources */ = {
			isa = PBXResourcesBuildPhase;
			buildActionMask = 2147483647;
			files = (
				DEA368ED1D86FE09003CD16B /* LaunchScreen.storyboard in Resources */,
				DEA368EA1D86FE09003CD16B /* Assets.xcassets in Resources */,
				DEA368E81D86FE09003CD16B /* Main.storyboard in Resources */,
			);
			runOnlyForDeploymentPostprocessing = 0;
		};
/* End PBXResourcesBuildPhase section */

/* Begin PBXSourcesBuildPhase section */
		DEA368D61D86FE09003CD16B /* Sources */ = {
			isa = PBXSourcesBuildPhase;
			buildActionMask = 2147483647;
			files = (
				DEA368E51D86FE09003CD16B /* ToDoListViewController.m in Sources */,
				DEA368F71D871415003CD16B /* ToDoListItem.m in Sources */,
				DEA368E21D86FE09003CD16B /* AppDelegate.m in Sources */,
				DEA368FA1D874143003CD16B /* ToDoListGenerator.m in Sources */,
				DEA368DF1D86FE09003CD16B /* main.m in Sources */,
			);
			runOnlyForDeploymentPostprocessing = 0;
		};
/* End PBXSourcesBuildPhase section */

/* Begin PBXVariantGroup section */
		DEA368E61D86FE09003CD16B /* Main.storyboard */ = {
			isa = PBXVariantGroup;
			children = (
				DEA368E71D86FE09003CD16B /* Base */,
			);
			name = Main.storyboard;
			sourceTree = "<group>";
		};
		DEA368EB1D86FE09003CD16B /* LaunchScreen.storyboard */ = {
			isa = PBXVariantGroup;
			children = (
				DEA368EC1D86FE09003CD16B /* Base */,
			);
			name = LaunchScreen.storyboard;
			sourceTree = "<group>";
		};
/* End PBXVariantGroup section */

/* Begin XCBuildConfiguration section */
		DEA368EF1D86FE09003CD16B /* Debug */ = {
			isa = XCBuildConfiguration;
			buildSettings = {
				ALWAYS_SEARCH_USER_PATHS = NO;
				CLANG_CXX_LANGUAGE_STANDARD = "gnu++0x";
				CLANG_CXX_LIBRARY = "libc++";
				CLANG_ENABLE_MODULES = YES;
				CLANG_ENABLE_OBJC_ARC = YES;
				CLANG_WARN_BOOL_CONVERSION = YES;
				CLANG_WARN_CONSTANT_CONVERSION = YES;
				CLANG_WARN_DIRECT_OBJC_ISA_USAGE = YES_ERROR;
				CLANG_WARN_EMPTY_BODY = YES;
				CLANG_WARN_ENUM_CONVERSION = YES;
				CLANG_WARN_INT_CONVERSION = YES;
				CLANG_WARN_OBJC_ROOT_CLASS = YES_ERROR;
				CLANG_WARN_UNREACHABLE_CODE = YES;
				CLANG_WARN__DUPLICATE_METHOD_MATCH = YES;
				"CODE_SIGN_IDENTITY[sdk=iphoneos*]" = "iPhone Developer";
				COPY_PHASE_STRIP = NO;
				DEBUG_INFORMATION_FORMAT = dwarf;
				ENABLE_STRICT_OBJC_MSGSEND = YES;
				ENABLE_TESTABILITY = YES;
				GCC_C_LANGUAGE_STANDARD = gnu99;
				GCC_DYNAMIC_NO_PIC = NO;
				GCC_NO_COMMON_BLOCKS = YES;
				GCC_OPTIMIZATION_LEVEL = 0;
				GCC_PREPROCESSOR_DEFINITIONS = (
					"DEBUG=1",
					"$(inherited)",
				);
				GCC_WARN_64_TO_32_BIT_CONVERSION = YES;
				GCC_WARN_ABOUT_RETURN_TYPE = YES_ERROR;
				GCC_WARN_UNDECLARED_SELECTOR = YES;
				GCC_WARN_UNINITIALIZED_AUTOS = YES_AGGRESSIVE;
				GCC_WARN_UNUSED_FUNCTION = YES;
				GCC_WARN_UNUSED_VARIABLE = YES;
				IPHONEOS_DEPLOYMENT_TARGET = 9.2;
				MTL_ENABLE_DEBUG_INFO = YES;
				ONLY_ACTIVE_ARCH = YES;
				SDKROOT = iphoneos;
			};
			name = Debug;
		};
		DEA368F01D86FE09003CD16B /* Release */ = {
			isa = XCBuildConfiguration;
			buildSettings = {
				ALWAYS_SEARCH_USER_PATHS = NO;
				CLANG_CXX_LANGUAGE_STANDARD = "gnu++0x";
				CLANG_CXX_LIBRARY = "libc++";
				CLANG_ENABLE_MODULES = YES;
				CLANG_ENABLE_OBJC_ARC = YES;
				CLANG_WARN_BOOL_CONVERSION = YES;
				CLANG_WARN_CONSTANT_CONVERSION = YES;
				CLANG_WARN_DIRECT_OBJC_ISA_USAGE = YES_ERROR;
				CLANG_WARN_EMPTY_BODY = YES;
				CLANG_WARN_ENUM_CONVERSION = YES;
				CLANG_WARN_INT_CONVERSION = YES;
				CLANG_WARN_OBJC_ROOT_CLASS = YES_ERROR;
				CLANG_WARN_UNREACHABLE_CODE = YES;
				CLANG_WARN__DUPLICATE_METHOD_MATCH = YES;
				"CODE_SIGN_IDENTITY[sdk=iphoneos*]" = "iPhone Developer";
				COPY_PHASE_STRIP = NO;
				DEBUG_INFORMATION_FORMAT = "dwarf-with-dsym";
				ENABLE_NS_ASSERTIONS = NO;
				ENABLE_STRICT_OBJC_MSGSEND = YES;
				GCC_C_LANGUAGE_STANDARD = gnu99;
				GCC_NO_COMMON_BLOCKS = YES;
				GCC_WARN_64_TO_32_BIT_CONVERSION = YES;
				GCC_WARN_ABOUT_RETURN_TYPE = YES_ERROR;
				GCC_WARN_UNDECLARED_SELECTOR = YES;
				GCC_WARN_UNINITIALIZED_AUTOS = YES_AGGRESSIVE;
				GCC_WARN_UNUSED_FUNCTION = YES;
				GCC_WARN_UNUSED_VARIABLE = YES;
				IPHONEOS_DEPLOYMENT_TARGET = 9.2;
				MTL_ENABLE_DEBUG_INFO = NO;
				SDKROOT = iphoneos;
				VALIDATE_PRODUCT = YES;
			};
			name = Release;
		};
		DEA368F21D86FE09003CD16B /* Debug */ = {
			isa = XCBuildConfiguration;
			buildSettings = {
				ASSETCATALOG_COMPILER_APPICON_NAME = AppIcon;
				INFOPLIST_FILE = ToDoListApp/Info.plist;
				LD_RUNPATH_SEARCH_PATHS = "$(inherited) @executable_path/Frameworks";
				PRODUCT_BUNDLE_IDENTIFIER = com.etsy.ToDoListApp;
				PRODUCT_NAME = "$(TARGET_NAME)";
			};
			name = Debug;
		};
		DEA368F31D86FE09003CD16B /* Release */ = {
			isa = XCBuildConfiguration;
			buildSettings = {
				ASSETCATALOG_COMPILER_APPICON_NAME = AppIcon;
				INFOPLIST_FILE = ToDoListApp/Info.plist;
				LD_RUNPATH_SEARCH_PATHS = "$(inherited) @executable_path/Frameworks";
				PRODUCT_BUNDLE_IDENTIFIER = com.etsy.ToDoListApp;
				PRODUCT_NAME = "$(TARGET_NAME)";
			};
			name = Release;
		};
/* End XCBuildConfiguration section */

/* Begin XCConfigurationList section */
		DEA368D51D86FE09003CD16B /* Build configuration list for PBXProject "ToDoListApp" */ = {
			isa = XCConfigurationList;
			buildConfigurations = (
				DEA368EF1D86FE09003CD16B /* Debug */,
				DEA368F01D86FE09003CD16B /* Release */,
			);
			defaultConfigurationIsVisible = 0;
			defaultConfigurationName = Release;
		};
		DEA368F11D86FE09003CD16B /* Build configuration list for PBXNativeTarget "ToDoListApp" */ = {
			isa = XCConfigurationList;
			buildConfigurations = (
				DEA368F21D86FE09003CD16B /* Debug */,
				DEA368F31D86FE09003CD16B /* Release */,
			);
			defaultConfigurationIsVisible = 0;
			defaultConfigurationName = Release;
		};
/* End XCConfigurationList section */
	};
	rootObject = DEA368D21D86FE09003CD16B /* Project object */;
}
